// !$*UTF8*$!
{
	archiveVersion = 1;
	classes = {
	};
	objectVersion = 46;
	objects = {

/* Begin PBXBuildFile section */
		3174E5691AEC135B00433FA8 /* main.m in Sources */ = {isa = PBXBuildFile; fileRef = 3174E5681AEC135B00433FA8 /* main.m */; };
		3174E56C1AEC135B00433FA8 /* AppDelegate.m in Sources */ = {isa = PBXBuildFile; fileRef = 3174E56B1AEC135B00433FA8 /* AppDelegate.m */; };
		3174E56F1AEC135B00433FA8 /* ViewController.m in Sources */ = {isa = PBXBuildFile; fileRef = 3174E56E1AEC135B00433FA8 /* ViewController.m */; };
		3174E5721AEC135B00433FA8 /* Main.storyboard in Resources */ = {isa = PBXBuildFile; fileRef = 3174E5701AEC135B00433FA8 /* Main.storyboard */; };
		3174E5741AEC135B00433FA8 /* Images.xcassets in Resources */ = {isa = PBXBuildFile; fileRef = 3174E5731AEC135B00433FA8 /* Images.xcassets */; };
		3174E5771AEC135B00433FA8 /* LaunchScreen.xib in Resources */ = {isa = PBXBuildFile; fileRef = 3174E5751AEC135B00433FA8 /* LaunchScreen.xib */; };
		3174E5831AEC135B00433FA8 /* makeMovieTests.m in Sources */ = {isa = PBXBuildFile; fileRef = 3174E5821AEC135B00433FA8 /* makeMovieTests.m */; };
		3174E5921AEC177E00433FA8 /* baseImage.jpg in Resources */ = {isa = PBXBuildFile; fileRef = 3174E5911AEC177E00433FA8 /* baseImage.jpg */; };
		3174E5961AEC212900433FA8 /* TestFrameGenerator.m in Sources */ = {isa = PBXBuildFile; fileRef = 3174E5951AEC212900433FA8 /* TestFrameGenerator.m */; };
		3174E5991AEC23F900433FA8 /* DqdGeneratedVideo.m in Sources */ = {isa = PBXBuildFile; fileRef = 3174E5981AEC23F900433FA8 /* DqdGeneratedVideo.m */; };
		3174E59B1AEC364600433FA8 /* COPYRIGHT in Resources */ = {isa = PBXBuildFile; fileRef = 3174E59A1AEC364600433FA8 /* COPYRIGHT */; };
		3174E59D1AEC365100433FA8 /* README.md in Sources */ = {isa = PBXBuildFile; fileRef = 3174E59C1AEC365100433FA8 /* README.md */; };
		3174E59F1AEC413600433FA8 /* expected-output.m4v in Resources */ = {isa = PBXBuildFile; fileRef = 3174E59E1AEC413600433FA8 /* expected-output.m4v */; };
/* End PBXBuildFile section */

/* Begin PBXContainerItemProxy section */
		3174E57D1AEC135B00433FA8 /* PBXContainerItemProxy */ = {
			isa = PBXContainerItemProxy;
			containerPortal = 3174E55B1AEC135B00433FA8 /* Project object */;
			proxyType = 1;
			remoteGlobalIDString = 3174E5621AEC135B00433FA8;
			remoteInfo = makeMovie;
		};
/* End PBXContainerItemProxy section */

/* Begin PBXFileReference section */
		3174E5631AEC135B00433FA8 /* makeMovie.app */ = {isa = PBXFileReference; explicitFileType = wrapper.application; includeInIndex = 0; path = makeMovie.app; sourceTree = BUILT_PRODUCTS_DIR; };
		3174E5671AEC135B00433FA8 /* Info.plist */ = {isa = PBXFileReference; lastKnownFileType = text.plist.xml; path = Info.plist; sourceTree = "<group>"; };
		3174E5681AEC135B00433FA8 /* main.m */ = {isa = PBXFileReference; lastKnownFileType = sourcecode.c.objc; path = main.m; sourceTree = "<group>"; };
		3174E56A1AEC135B00433FA8 /* AppDelegate.h */ = {isa = PBXFileReference; lastKnownFileType = sourcecode.c.h; path = AppDelegate.h; sourceTree = "<group>"; };
		3174E56B1AEC135B00433FA8 /* AppDelegate.m */ = {isa = PBXFileReference; lastKnownFileType = sourcecode.c.objc; path = AppDelegate.m; sourceTree = "<group>"; };
		3174E56D1AEC135B00433FA8 /* ViewController.h */ = {isa = PBXFileReference; lastKnownFileType = sourcecode.c.h; path = ViewController.h; sourceTree = "<group>"; };
		3174E56E1AEC135B00433FA8 /* ViewController.m */ = {isa = PBXFileReference; lastKnownFileType = sourcecode.c.objc; path = ViewController.m; sourceTree = "<group>"; };
		3174E5711AEC135B00433FA8 /* Base */ = {isa = PBXFileReference; lastKnownFileType = file.storyboard; name = Base; path = Base.lproj/Main.storyboard; sourceTree = "<group>"; };
		3174E5731AEC135B00433FA8 /* Images.xcassets */ = {isa = PBXFileReference; lastKnownFileType = folder.assetcatalog; path = Images.xcassets; sourceTree = "<group>"; };
		3174E5761AEC135B00433FA8 /* Base */ = {isa = PBXFileReference; lastKnownFileType = file.xib; name = Base; path = Base.lproj/LaunchScreen.xib; sourceTree = "<group>"; };
		3174E57C1AEC135B00433FA8 /* makeMovieTests.xctest */ = {isa = PBXFileReference; explicitFileType = wrapper.cfbundle; includeInIndex = 0; path = makeMovieTests.xctest; sourceTree = BUILT_PRODUCTS_DIR; };
		3174E5811AEC135B00433FA8 /* Info.plist */ = {isa = PBXFileReference; lastKnownFileType = text.plist.xml; path = Info.plist; sourceTree = "<group>"; };
		3174E5821AEC135B00433FA8 /* makeMovieTests.m */ = {isa = PBXFileReference; lastKnownFileType = sourcecode.c.objc; path = makeMovieTests.m; sourceTree = "<group>"; };
		3174E5911AEC177E00433FA8 /* baseImage.jpg */ = {isa = PBXFileReference; lastKnownFileType = image.jpeg; path = baseImage.jpg; sourceTree = "<group>"; };
		3174E5931AEC20F600433FA8 /* DqdFrameGenerator.h */ = {isa = PBXFileReference; fileEncoding = 4; lastKnownFileType = sourcecode.c.h; path = DqdFrameGenerator.h; sourceTree = "<group>"; };
		3174E5941AEC212900433FA8 /* TestFrameGenerator.h */ = {isa = PBXFileReference; fileEncoding = 4; lastKnownFileType = sourcecode.c.h; path = TestFrameGenerator.h; sourceTree = "<group>"; };
		3174E5951AEC212900433FA8 /* TestFrameGenerator.m */ = {isa = PBXFileReference; fileEncoding = 4; lastKnownFileType = sourcecode.c.objc; path = TestFrameGenerator.m; sourceTree = "<group>"; };
		3174E5971AEC23F900433FA8 /* DqdGeneratedVideo.h */ = {isa = PBXFileReference; fileEncoding = 4; lastKnownFileType = sourcecode.c.h; path = DqdGeneratedVideo.h; sourceTree = "<group>"; };
		3174E5981AEC23F900433FA8 /* DqdGeneratedVideo.m */ = {isa = PBXFileReference; fileEncoding = 4; lastKnownFileType = sourcecode.c.objc; path = DqdGeneratedVideo.m; sourceTree = "<group>"; };
		3174E59A1AEC364600433FA8 /* COPYRIGHT */ = {isa = PBXFileReference; fileEncoding = 4; lastKnownFileType = text; path = COPYRIGHT; sourceTree = "<group>"; };
		3174E59C1AEC365100433FA8 /* README.md */ = {isa = PBXFileReference; fileEncoding = 4; lastKnownFileType = net.daringfireball.markdown; path = README.md; sourceTree = "<group>"; };
		3174E59E1AEC413600433FA8 /* expected-output.m4v */ = {isa = PBXFileReference; lastKnownFileType = file; path = "expected-output.m4v"; sourceTree = "<group>"; };
/* End PBXFileReference section */

/* Begin PBXFrameworksBuildPhase section */
		3174E5601AEC135B00433FA8 /* Frameworks */ = {
			isa = PBXFrameworksBuildPhase;
			buildActionMask = 2147483647;
			files = (
			);
			runOnlyForDeploymentPostprocessing = 0;
		};
		3174E5791AEC135B00433FA8 /* Frameworks */ = {
			isa = PBXFrameworksBuildPhase;
			buildActionMask = 2147483647;
			files = (
			);
			runOnlyForDeploymentPostprocessing = 0;
		};
/* End PBXFrameworksBuildPhase section */

/* Begin PBXGroup section */
		3174E55A1AEC135B00433FA8 = {
			isa = PBXGroup;
			children = (
				3174E59E1AEC413600433FA8 /* expected-output.m4v */,
				3174E59A1AEC364600433FA8 /* COPYRIGHT */,
				3174E59C1AEC365100433FA8 /* README.md */,
				3174E5651AEC135B00433FA8 /* makeMovie */,
				3174E57F1AEC135B00433FA8 /* makeMovieTests */,
				3174E5641AEC135B00433FA8 /* Products */,
			);
			sourceTree = "<group>";
		};
		3174E5641AEC135B00433FA8 /* Products */ = {
			isa = PBXGroup;
			children = (
				3174E5631AEC135B00433FA8 /* makeMovie.app */,
				3174E57C1AEC135B00433FA8 /* makeMovieTests.xctest */,
			);
			name = Products;
			sourceTree = "<group>";
		};
		3174E5651AEC135B00433FA8 /* makeMovie */ = {
			isa = PBXGroup;
			children = (
				3174E5931AEC20F600433FA8 /* DqdFrameGenerator.h */,
				3174E5971AEC23F900433FA8 /* DqdGeneratedVideo.h */,
				3174E5981AEC23F900433FA8 /* DqdGeneratedVideo.m */,
				3174E5941AEC212900433FA8 /* TestFrameGenerator.h */,
				3174E5951AEC212900433FA8 /* TestFrameGenerator.m */,
				3174E56A1AEC135B00433FA8 /* AppDelegate.h */,
				3174E56B1AEC135B00433FA8 /* AppDelegate.m */,
				3174E56D1AEC135B00433FA8 /* ViewController.h */,
				3174E56E1AEC135B00433FA8 /* ViewController.m */,
				3174E5701AEC135B00433FA8 /* Main.storyboard */,
				3174E5911AEC177E00433FA8 /* baseImage.jpg */,
				3174E5731AEC135B00433FA8 /* Images.xcassets */,
				3174E5751AEC135B00433FA8 /* LaunchScreen.xib */,
				3174E5661AEC135B00433FA8 /* Supporting Files */,
			);
			path = makeMovie;
			sourceTree = "<group>";
		};
		3174E5661AEC135B00433FA8 /* Supporting Files */ = {
			isa = PBXGroup;
			children = (
				3174E5671AEC135B00433FA8 /* Info.plist */,
				3174E5681AEC135B00433FA8 /* main.m */,
			);
			name = "Supporting Files";
			sourceTree = "<group>";
		};
		3174E57F1AEC135B00433FA8 /* makeMovieTests */ = {
			isa = PBXGroup;
			children = (
				3174E5821AEC135B00433FA8 /* makeMovieTests.m */,
				3174E5801AEC135B00433FA8 /* Supporting Files */,
			);
			path = makeMovieTests;
			sourceTree = "<group>";
		};
		3174E5801AEC135B00433FA8 /* Supporting Files */ = {
			isa = PBXGroup;
			children = (
				3174E5811AEC135B00433FA8 /* Info.plist */,
			);
			name = "Supporting Files";
			sourceTree = "<group>";
		};
/* End PBXGroup section */

/* Begin PBXNativeTarget section */
		3174E5621AEC135B00433FA8 /* makeMovie */ = {
			isa = PBXNativeTarget;
			buildConfigurationList = 3174E5861AEC135B00433FA8 /* Build configuration list for PBXNativeTarget "makeMovie" */;
			buildPhases = (
				3174E55F1AEC135B00433FA8 /* Sources */,
				3174E5601AEC135B00433FA8 /* Frameworks */,
				3174E5611AEC135B00433FA8 /* Resources */,
			);
			buildRules = (
			);
			dependencies = (
			);
			name = makeMovie;
			productName = makeMovie;
			productReference = 3174E5631AEC135B00433FA8 /* makeMovie.app */;
			productType = "com.apple.product-type.application";
		};
		3174E57B1AEC135B00433FA8 /* makeMovieTests */ = {
			isa = PBXNativeTarget;
			buildConfigurationList = 3174E5891AEC135B00433FA8 /* Build configuration list for PBXNativeTarget "makeMovieTests" */;
			buildPhases = (
				3174E5781AEC135B00433FA8 /* Sources */,
				3174E5791AEC135B00433FA8 /* Frameworks */,
				3174E57A1AEC135B00433FA8 /* Resources */,
			);
			buildRules = (
			);
			dependencies = (
				3174E57E1AEC135B00433FA8 /* PBXTargetDependency */,
			);
			name = makeMovieTests;
			productName = makeMovieTests;
			productReference = 3174E57C1AEC135B00433FA8 /* makeMovieTests.xctest */;
			productType = "com.apple.product-type.bundle.unit-test";
		};
/* End PBXNativeTarget section */

/* Begin PBXProject section */
		3174E55B1AEC135B00433FA8 /* Project object */ = {
			isa = PBXProject;
			attributes = {
				LastUpgradeCheck = 0630;
				ORGANIZATIONNAME = "Rob Mayoff";
				TargetAttributes = {
					3174E5621AEC135B00433FA8 = {
						CreatedOnToolsVersion = 6.3.1;
					};
					3174E57B1AEC135B00433FA8 = {
						CreatedOnToolsVersion = 6.3.1;
						TestTargetID = 3174E5621AEC135B00433FA8;
					};
				};
			};
			buildConfigurationList = 3174E55E1AEC135B00433FA8 /* Build configuration list for PBXProject "makeMovie" */;
			compatibilityVersion = "Xcode 3.2";
			developmentRegion = English;
			hasScannedForEncodings = 0;
			knownRegions = (
				en,
				Base,
			);
			mainGroup = 3174E55A1AEC135B00433FA8;
			productRefGroup = 3174E5641AEC135B00433FA8 /* Products */;
			projectDirPath = "";
			projectRoot = "";
			targets = (
				3174E5621AEC135B00433FA8 /* makeMovie */,
				3174E57B1AEC135B00433FA8 /* makeMovieTests */,
			);
		};
/* End PBXProject section */

/* Begin PBXResourcesBuildPhase section */
		3174E5611AEC135B00433FA8 /* Resources */ = {
			isa = PBXResourcesBuildPhase;
			buildActionMask = 2147483647;
			files = (
				3174E59B1AEC364600433FA8 /* COPYRIGHT in Resources */,
				3174E59F1AEC413600433FA8 /* expected-output.m4v in Resources */,
				3174E5721AEC135B00433FA8 /* Main.storyboard in Resources */,
				3174E5771AEC135B00433FA8 /* LaunchScreen.xib in Resources */,
				3174E5921AEC177E00433FA8 /* baseImage.jpg in Resources */,
				3174E5741AEC135B00433FA8 /* Images.xcassets in Resources */,
			);
			runOnlyForDeploymentPostprocessing = 0;
		};
		3174E57A1AEC135B00433FA8 /* Resources */ = {
			isa = PBXResourcesBuildPhase;
			buildActionMask = 2147483647;
			files = (
			);
			runOnlyForDeploymentPostprocessing = 0;
		};
/* End PBXResourcesBuildPhase section */

/* Begin PBXSourcesBuildPhase section */
		3174E55F1AEC135B00433FA8 /* Sources */ = {
			isa = PBXSourcesBuildPhase;
			buildActionMask = 2147483647;
			files = (
				3174E59D1AEC365100433FA8 /* README.md in Sources */,
				3174E56F1AEC135B00433FA8 /* ViewController.m in Sources */,
				3174E5991AEC23F900433FA8 /* DqdGeneratedVideo.m in Sources */,
				3174E56C1AEC135B00433FA8 /* AppDelegate.m in Sources */,
				3174E5961AEC212900433FA8 /* TestFrameGenerator.m in Sources */,
				3174E5691AEC135B00433FA8 /* main.m in Sources */,
			);
			runOnlyForDeploymentPostprocessing = 0;
		};
		3174E5781AEC135B00433FA8 /* Sources */ = {
			isa = PBXSourcesBuildPhase;
			buildActionMask = 2147483647;
			files = (
				3174E5831AEC135B00433FA8 /* makeMovieTests.m in Sources */,
			);
			runOnlyForDeploymentPostprocessing = 0;
		};
/* End PBXSourcesBuildPhase section */

/* Begin PBXTargetDependency section */
		3174E57E1AEC135B00433FA8 /* PBXTargetDependency */ = {
			isa = PBXTargetDependency;
			target = 3174E5621AEC135B00433FA8 /* makeMovie */;
			targetProxy = 3174E57D1AEC135B00433FA8 /* PBXContainerItemProxy */;
		};
/* End PBXTargetDependency section */

/* Begin PBXVariantGroup section */
		3174E5701AEC135B00433FA8 /* Main.storyboard */ = {
			isa = PBXVariantGroup;
			children = (
				3174E5711AEC135B00433FA8 /* Base */,
			);
			name = Main.storyboard;
			sourceTree = "<group>";
		};
		3174E5751AEC135B00433FA8 /* LaunchScreen.xib */ = {
			isa = PBXVariantGroup;
			children = (
				3174E5761AEC135B00433FA8 /* Base */,
			);
			name = LaunchScreen.xib;
			sourceTree = "<group>";
		};
/* End PBXVariantGroup section */

/* Begin XCBuildConfiguration section */
		3174E5841AEC135B00433FA8 /* Debug */ = {
			isa = XCBuildConfiguration;
			buildSettings = {
				ALWAYS_SEARCH_USER_PATHS = NO;
				CLANG_CXX_LANGUAGE_STANDARD = "gnu++0x";
				CLANG_CXX_LIBRARY = "libc++";
				CLANG_ENABLE_MODULES = YES;
				CLANG_ENABLE_OBJC_ARC = YES;
				CLANG_WARN_BOOL_CONVERSION = YES;
				CLANG_WARN_CONSTANT_CONVERSION = YES;
				CLANG_WARN_DIRECT_OBJC_ISA_USAGE = YES_ERROR;
				CLANG_WARN_EMPTY_BODY = YES;
				CLANG_WARN_ENUM_CONVERSION = YES;
				CLANG_WARN_INT_CONVERSION = YES;
				CLANG_WARN_OBJC_ROOT_CLASS = YES_ERROR;
				CLANG_WARN_UNREACHABLE_CODE = YES;
				CLANG_WARN__DUPLICATE_METHOD_MATCH = YES;
				"CODE_SIGN_IDENTITY[sdk=iphoneos*]" = "iPhone Developer";
				COPY_PHASE_STRIP = NO;
				DEBUG_INFORMATION_FORMAT = "dwarf-with-dsym";
				ENABLE_STRICT_OBJC_MSGSEND = YES;
				GCC_C_LANGUAGE_STANDARD = gnu99;
				GCC_DYNAMIC_NO_PIC = NO;
				GCC_NO_COMMON_BLOCKS = YES;
				GCC_OPTIMIZATION_LEVEL = 0;
				GCC_PREPROCESSOR_DEFINITIONS = (
					"DEBUG=1",
					"$(inherited)",
				);
				GCC_SYMBOLS_PRIVATE_EXTERN = NO;
				GCC_WARN_64_TO_32_BIT_CONVERSION = YES;
				GCC_WARN_ABOUT_RETURN_TYPE = YES_ERROR;
				GCC_WARN_UNDECLARED_SELECTOR = YES;
				GCC_WARN_UNINITIALIZED_AUTOS = YES_AGGRESSIVE;
				GCC_WARN_UNUSED_FUNCTION = YES;
				GCC_WARN_UNUSED_VARIABLE = YES;
				IPHONEOS_DEPLOYMENT_TARGET = 8.3;
				MTL_ENABLE_DEBUG_INFO = YES;
				ONLY_ACTIVE_ARCH = YES;
				SDKROOT = iphoneos;
			};
			name = Debug;
		};
		3174E5851AEC135B00433FA8 /* Release */ = {
			isa = XCBuildConfiguration;
			buildSettings = {
				ALWAYS_SEARCH_USER_PATHS = NO;
				CLANG_CXX_LANGUAGE_STANDARD = "gnu++0x";
				CLANG_CXX_LIBRARY = "libc++";
				CLANG_ENABLE_MODULES = YES;
				CLANG_ENABLE_OBJC_ARC = YES;
				CLANG_WARN_BOOL_CONVERSION = YES;
				CLANG_WARN_CONSTANT_CONVERSION = YES;
				CLANG_WARN_DIRECT_OBJC_ISA_USAGE = YES_ERROR;
				CLANG_WARN_EMPTY_BODY = YES;
				CLANG_WARN_ENUM_CONVERSION = YES;
				CLANG_WARN_INT_CONVERSION = YES;
				CLANG_WARN_OBJC_ROOT_CLASS = YES_ERROR;
				CLANG_WARN_UNREACHABLE_CODE = YES;
				CLANG_WARN__DUPLICATE_METHOD_MATCH = YES;
				"CODE_SIGN_IDENTITY[sdk=iphoneos*]" = "iPhone Developer";
				COPY_PHASE_STRIP = NO;
				DEBUG_INFORMATION_FORMAT = "dwarf-with-dsym";
				ENABLE_NS_ASSERTIONS = NO;
				ENABLE_STRICT_OBJC_MSGSEND = YES;
				GCC_C_LANGUAGE_STANDARD = gnu99;
				GCC_NO_COMMON_BLOCKS = YES;
				GCC_WARN_64_TO_32_BIT_CONVERSION = YES;
				GCC_WARN_ABOUT_RETURN_TYPE = YES_ERROR;
				GCC_WARN_UNDECLARED_SELECTOR = YES;
				GCC_WARN_UNINITIALIZED_AUTOS = YES_AGGRESSIVE;
				GCC_WARN_UNUSED_FUNCTION = YES;
				GCC_WARN_UNUSED_VARIABLE = YES;
				IPHONEOS_DEPLOYMENT_TARGET = 8.3;
				MTL_ENABLE_DEBUG_INFO = NO;
				SDKROOT = iphoneos;
				VALIDATE_PRODUCT = YES;
			};
			name = Release;
		};
		3174E5871AEC135B00433FA8 /* Debug */ = {
			isa = XCBuildConfiguration;
			buildSettings = {
				ASSETCATALOG_COMPILER_APPICON_NAME = AppIcon;
				INFOPLIST_FILE = makeMovie/Info.plist;
				LD_RUNPATH_SEARCH_PATHS = "$(inherited) @executable_path/Frameworks";
				PRODUCT_NAME = "$(TARGET_NAME)";
			};
			name = Debug;
		};
		3174E5881AEC135B00433FA8 /* Release */ = {
			isa = XCBuildConfiguration;
			buildSettings = {
				ASSETCATALOG_COMPILER_APPICON_NAME = AppIcon;
				INFOPLIST_FILE = makeMovie/Info.plist;
				LD_RUNPATH_SEARCH_PATHS = "$(inherited) @executable_path/Frameworks";
				PRODUCT_NAME = "$(TARGET_NAME)";
			};
			name = Release;
		};
		3174E58A1AEC135B00433FA8 /* Debug */ = {
			isa = XCBuildConfiguration;
			buildSettings = {
				BUNDLE_LOADER = "$(TEST_HOST)";
				FRAMEWORK_SEARCH_PATHS = (
					"$(SDKROOT)/Developer/Library/Frameworks",
					"$(inherited)",
				);
				GCC_PREPROCESSOR_DEFINITIONS = (
					"DEBUG=1",
					"$(inherited)",
				);
				INFOPLIST_FILE = makeMovieTests/Info.plist;
				LD_RUNPATH_SEARCH_PATHS = "$(inherited) @executable_path/Frameworks @loader_path/Frameworks";
				PRODUCT_NAME = "$(TARGET_NAME)";
				TEST_HOST = "$(BUILT_PRODUCTS_DIR)/makeMovie.app/makeMovie";
			};
			name = Debug;
		};
		3174E58B1AEC135B00433FA8 /* Release */ = {
			isa = XCBuildConfiguration;
			buildSettings = {
				BUNDLE_LOADER = "$(TEST_HOST)";
				FRAMEWORK_SEARCH_PATHS = (
					"$(SDKROOT)/Developer/Library/Frameworks",
					"$(inherited)",
				);
				INFOPLIST_FILE = makeMovieTests/Info.plist;
				LD_RUNPATH_SEARCH_PATHS = "$(inherited) @executable_path/Frameworks @loader_path/Frameworks";
				PRODUCT_NAME = "$(TARGET_NAME)";
				TEST_HOST = "$(BUILT_PRODUCTS_DIR)/makeMovie.app/makeMovie";
			};
			name = Release;
		};
/* End XCBuildConfiguration section */

/* Begin XCConfigurationList section */
		3174E55E1AEC135B00433FA8 /* Build configuration list for PBXProject "makeMovie" */ = {
			isa = XCConfigurationList;
			buildConfigurations = (
				3174E5841AEC135B00433FA8 /* Debug */,
				3174E5851AEC135B00433FA8 /* Release */,
			);
			defaultConfigurationIsVisible = 0;
			defaultConfigurationName = Release;
		};
		3174E5861AEC135B00433FA8 /* Build configuration list for PBXNativeTarget "makeMovie" */ = {
			isa = XCConfigurationList;
			buildConfigurations = (
				3174E5871AEC135B00433FA8 /* Debug */,
				3174E5881AEC135B00433FA8 /* Release */,
			);
			defaultConfigurationIsVisible = 0;
		};
		3174E5891AEC135B00433FA8 /* Build configuration list for PBXNativeTarget "makeMovieTests" */ = {
			isa = XCConfigurationList;
			buildConfigurations = (
				3174E58A1AEC135B00433FA8 /* Debug */,
				3174E58B1AEC135B00433FA8 /* Release */,
			);
			defaultConfigurationIsVisible = 0;
		};
/* End XCConfigurationList section */
	};
	rootObject = 3174E55B1AEC135B00433FA8 /* Project object */;
}
